Microsoft Visual Studio Solution File, Format Version 12.00
# Visual Studio Version 17
VisualStudioVersion = 17.5.2.0
MinimumVisualStudioVersion = 10.0.40219.1
Project("{FAE04EC0-301F-11D3-BF4B-00C04F79EFBC}") = "naloga5", "naloga5.csproj", "{7AAF99F2-B6AD-A012-52C3-5A0B6C6C4A5E}"
EndProject
Global
	GlobalSection(SolutionConfigurationPlatforms) = preSolution
		Debug|Any CPU = Debug|Any CPU
		Release|Any CPU = Release|Any CPU
	EndGlobalSection
	GlobalSection(ProjectConfigurationPlatforms) = postSolution
		{7AAF99F2-B6AD-A012-52C3-5A0B6C6C4A5E}.Debug|Any CPU.ActiveCfg = Debug|Any CPU
		{7AAF99F2-B6AD-A012-52C3-5A0B6C6C4A5E}.Debug|Any CPU.Build.0 = Debug|Any CPU
		{7AAF99F2-B6AD-A012-52C3-5A0B6C6C4A5E}.Release|Any CPU.ActiveCfg = Release|Any CPU
		{7AAF99F2-B6AD-A012-52C3-5A0B6C6C4A5E}.Release|Any CPU.Build.0 = Release|Any CPU
	EndGlobalSection
	GlobalSection(SolutionProperties) = preSolution
		HideSolutionNode = FALSE
	EndGlobalSection
	GlobalSection(ExtensibilityGlobals) = postSolution
		SolutionGuid = {53C40B6E-3016-43AE-8018-7D55F1E0948F}
	EndGlobalSection
EndGlobal
