Microsoft Visual Studio Solution File, Format Version 12.00
# Visual Studio Version 17
VisualStudioVersion = 17.5.2.0
MinimumVisualStudioVersion = 10.0.40219.1
Project("{FAE04EC0-301F-11D3-BF4B-00C04F79EFBC}") = "naloga4", "naloga4.csproj", "{417AAEA0-CF73-B00D-5609-C5063D85DB45}"
EndProject
Global
	GlobalSection(SolutionConfigurationPlatforms) = preSolution
		Debug|Any CPU = Debug|Any CPU
		Release|Any CPU = Release|Any CPU
	EndGlobalSection
	GlobalSection(ProjectConfigurationPlatforms) = postSolution
		{417AAEA0-CF73-B00D-5609-C5063D85DB45}.Debug|Any CPU.ActiveCfg = Debug|Any CPU
		{417AAEA0-CF73-B00D-5609-C5063D85DB45}.Debug|Any CPU.Build.0 = Debug|Any CPU
		{417AAEA0-CF73-B00D-5609-C5063D85DB45}.Release|Any CPU.ActiveCfg = Release|Any CPU
		{417AAEA0-CF73-B00D-5609-C5063D85DB45}.Release|Any CPU.Build.0 = Release|Any CPU
	EndGlobalSection
	GlobalSection(SolutionProperties) = preSolution
		HideSolutionNode = FALSE
	EndGlobalSection
	GlobalSection(ExtensibilityGlobals) = postSolution
		SolutionGuid = {3872F617-C050-41B5-A9FA-9805D811EF31}
	EndGlobalSection
EndGlobal
